// !$*UTF8*$!
{
	archiveVersion = 1;
	classes = {
	};
	objectVersion = 50;
	objects = {

/* Begin PBXBuildFile section */
		735E8B6726AEB785008C898B /* AppDelegate.swift in Sources */ = {isa = PBXBuildFile; fileRef = 735E8B6626AEB785008C898B /* AppDelegate.swift */; };
		735E8B6926AEB785008C898B /* SceneDelegate.swift in Sources */ = {isa = PBXBuildFile; fileRef = 735E8B6826AEB785008C898B /* SceneDelegate.swift */; };
		735E8B6B26AEB785008C898B /* ViewController.swift in Sources */ = {isa = PBXBuildFile; fileRef = 735E8B6A26AEB785008C898B /* ViewController.swift */; };
		735E8B6E26AEB785008C898B /* Main.storyboard in Resources */ = {isa = PBXBuildFile; fileRef = 735E8B6C26AEB785008C898B /* Main.storyboard */; };
		735E8B7026AEB786008C898B /* Assets.xcassets in Resources */ = {isa = PBXBuildFile; fileRef = 735E8B6F26AEB786008C898B /* Assets.xcassets */; };
		735E8B7326AEB786008C898B /* LaunchScreen.storyboard in Resources */ = {isa = PBXBuildFile; fileRef = 735E8B7126AEB786008C898B /* LaunchScreen.storyboard */; };
		735E8B7B26AEBAB5008C898B /* RoundButton.swift in Sources */ = {isa = PBXBuildFile; fileRef = 735E8B7A26AEBAB5008C898B /* RoundButton.swift */; };
/* End PBXBuildFile section */

/* Begin PBXFileReference section */
		735E8B6326AEB785008C898B /* CALCULATOR.app */ = {isa = PBXFileReference; explicitFileType = wrapper.application; includeInIndex = 0; path = CALCULATOR.app; sourceTree = BUILT_PRODUCTS_DIR; };
		735E8B6626AEB785008C898B /* AppDelegate.swift */ = {isa = PBXFileReference; lastKnownFileType = sourcecode.swift; path = AppDelegate.swift; sourceTree = "<group>"; };
		735E8B6826AEB785008C898B /* SceneDelegate.swift */ = {isa = PBXFileReference; lastKnownFileType = sourcecode.swift; path = SceneDelegate.swift; sourceTree = "<group>"; };
		735E8B6A26AEB785008C898B /* ViewController.swift */ = {isa = PBXFileReference; lastKnownFileType = sourcecode.swift; path = ViewController.swift; sourceTree = "<group>"; };
		735E8B6D26AEB785008C898B /* Base */ = {isa = PBXFileReference; lastKnownFileType = file.storyboard; name = Base; path = Base.lproj/Main.storyboard; sourceTree = "<group>"; };
		735E8B6F26AEB786008C898B /* Assets.xcassets */ = {isa = PBXFileReference; lastKnownFileType = folder.assetcatalog; path = Assets.xcassets; sourceTree = "<group>"; };
		735E8B7226AEB786008C898B /* Base */ = {isa = PBXFileReference; lastKnownFileType = file.storyboard; name = Base; path = Base.lproj/LaunchScreen.storyboard; sourceTree = "<group>"; };
		735E8B7426AEB786008C898B /* Info.plist */ = {isa = PBXFileReference; lastKnownFileType = text.plist.xml; path = Info.plist; sourceTree = "<group>"; };
		735E8B7A26AEBAB5008C898B /* RoundButton.swift */ = {isa = PBXFileReference; lastKnownFileType = sourcecode.swift; path = RoundButton.swift; sourceTree = "<group>"; };
/* End PBXFileReference section */

/* Begin PBXFrameworksBuildPhase section */
		735E8B6026AEB785008C898B /* Frameworks */ = {
			isa = PBXFrameworksBuildPhase;
			buildActionMask = 2147483647;
			files = (
			);
			runOnlyForDeploymentPostprocessing = 0;
		};
/* End PBXFrameworksBuildPhase section */

/* Begin PBXGroup section */
		735E8B5A26AEB785008C898B = {
			isa = PBXGroup;
			children = (
				735E8B6526AEB785008C898B /* CALCULATOR */,
				735E8B6426AEB785008C898B /* Products */,
			);
			sourceTree = "<group>";
		};
		735E8B6426AEB785008C898B /* Products */ = {
			isa = PBXGroup;
			children = (
				735E8B6326AEB785008C898B /* CALCULATOR.app */,
			);
			name = Products;
			sourceTree = "<group>";
		};
		735E8B6526AEB785008C898B /* CALCULATOR */ = {
			isa = PBXGroup;
			children = (
				735E8B6626AEB785008C898B /* AppDelegate.swift */,
				735E8B6826AEB785008C898B /* SceneDelegate.swift */,
				735E8B6A26AEB785008C898B /* ViewController.swift */,
				735E8B6C26AEB785008C898B /* Main.storyboard */,
				735E8B6F26AEB786008C898B /* Assets.xcassets */,
				735E8B7126AEB786008C898B /* LaunchScreen.storyboard */,
				735E8B7426AEB786008C898B /* Info.plist */,
				735E8B7A26AEBAB5008C898B /* RoundButton.swift */,
			);
			path = CALCULATOR;
			sourceTree = "<group>";
		};
/* End PBXGroup section */

/* Begin PBXNativeTarget section */
		735E8B6226AEB785008C898B /* CALCULATOR */ = {
			isa = PBXNativeTarget;
			buildConfigurationList = 735E8B7726AEB786008C898B /* Build configuration list for PBXNativeTarget "CALCULATOR" */;
			buildPhases = (
				735E8B5F26AEB785008C898B /* Sources */,
				735E8B6026AEB785008C898B /* Frameworks */,
				735E8B6126AEB785008C898B /* Resources */,
			);
			buildRules = (
			);
			dependencies = (
			);
			name = CALCULATOR;
			productName = CALCULATOR;
			productReference = 735E8B6326AEB785008C898B /* CALCULATOR.app */;
			productType = "com.apple.product-type.application";
		};
/* End PBXNativeTarget section */

/* Begin PBXProject section */
		735E8B5B26AEB785008C898B /* Project object */ = {
			isa = PBXProject;
			attributes = {
				LastSwiftUpdateCheck = 1250;
				LastUpgradeCheck = 1250;
				TargetAttributes = {
					735E8B6226AEB785008C898B = {
						CreatedOnToolsVersion = 12.5.1;
					};
				};
			};
			buildConfigurationList = 735E8B5E26AEB785008C898B /* Build configuration list for PBXProject "CALCULATOR" */;
			compatibilityVersion = "Xcode 9.3";
			developmentRegion = en;
			hasScannedForEncodings = 0;
			knownRegions = (
				en,
				Base,
			);
			mainGroup = 735E8B5A26AEB785008C898B;
			productRefGroup = 735E8B6426AEB785008C898B /* Products */;
			projectDirPath = "";
			projectRoot = "";
			targets = (
				735E8B6226AEB785008C898B /* CALCULATOR */,
			);
		};
/* End PBXProject section */

/* Begin PBXResourcesBuildPhase section */
		735E8B6126AEB785008C898B /* Resources */ = {
			isa = PBXResourcesBuildPhase;
			buildActionMask = 2147483647;
			files = (
				735E8B7326AEB786008C898B /* LaunchScreen.storyboard in Resources */,
				735E8B7026AEB786008C898B /* Assets.xcassets in Resources */,
				735E8B6E26AEB785008C898B /* Main.storyboard in Resources */,
			);
			runOnlyForDeploymentPostprocessing = 0;
		};
/* End PBXResourcesBuildPhase section */

/* Begin PBXSourcesBuildPhase section */
		735E8B5F26AEB785008C898B /* Sources */ = {
			isa = PBXSourcesBuildPhase;
			buildActionMask = 2147483647;
			files = (
				735E8B7B26AEBAB5008C898B /* RoundButton.swift in Sources */,
				735E8B6B26AEB785008C898B /* ViewController.swift in Sources */,
				735E8B6726AEB785008C898B /* AppDelegate.swift in Sources */,
				735E8B6926AEB785008C898B /* SceneDelegate.swift in Sources */,
			);
			runOnlyForDeploymentPostprocessing = 0;
		};
/* End PBXSourcesBuildPhase section */

/* Begin PBXVariantGroup section */
		735E8B6C26AEB785008C898B /* Main.storyboard */ = {
			isa = PBXVariantGroup;
			children = (
				735E8B6D26AEB785008C898B /* Base */,
			);
			name = Main.storyboard;
			sourceTree = "<group>";
		};
		735E8B7126AEB786008C898B /* LaunchScreen.storyboard */ = {
			isa = PBXVariantGroup;
			children = (
				735E8B7226AEB786008C898B /* Base */,
			);
			name = LaunchScreen.storyboard;
			sourceTree = "<group>";
		};
/* End PBXVariantGroup section */

/* Begin XCBuildConfiguration section */
		735E8B7526AEB786008C898B /* Debug */ = {
			isa = XCBuildConfiguration;
			buildSettings = {
				ALWAYS_SEARCH_USER_PATHS = NO;
				CLANG_ANALYZER_NONNULL = YES;
				CLANG_ANALYZER_NUMBER_OBJECT_CONVERSION = YES_AGGRESSIVE;
				CLANG_CXX_LANGUAGE_STANDARD = "gnu++14";
				CLANG_CXX_LIBRARY = "libc++";
				CLANG_ENABLE_MODULES = YES;
				CLANG_ENABLE_OBJC_ARC = YES;
				CLANG_ENABLE_OBJC_WEAK = YES;
				CLANG_WARN_BLOCK_CAPTURE_AUTORELEASING = YES;
				CLANG_WARN_BOOL_CONVERSION = YES;
				CLANG_WARN_COMMA = YES;
				CLANG_WARN_CONSTANT_CONVERSION = YES;
				CLANG_WARN_DEPRECATED_OBJC_IMPLEMENTATIONS = YES;
				CLANG_WARN_DIRECT_OBJC_ISA_USAGE = YES_ERROR;
				CLANG_WARN_DOCUMENTATION_COMMENTS = YES;
				CLANG_WARN_EMPTY_BODY = YES;
				CLANG_WARN_ENUM_CONVERSION = YES;
				CLANG_WARN_INFINITE_RECURSION = YES;
				CLANG_WARN_INT_CONVERSION = YES;
				CLANG_WARN_NON_LITERAL_NULL_CONVERSION = YES;
				CLANG_WARN_OBJC_IMPLICIT_RETAIN_SELF = YES;
				CLANG_WARN_OBJC_LITERAL_CONVERSION = YES;
				CLANG_WARN_OBJC_ROOT_CLASS = YES_ERROR;
				CLANG_WARN_QUOTED_INCLUDE_IN_FRAMEWORK_HEADER = YES;
				CLANG_WARN_RANGE_LOOP_ANALYSIS = YES;
				CLANG_WARN_STRICT_PROTOTYPES = YES;
				CLANG_WARN_SUSPICIOUS_MOVE = YES;
				CLANG_WARN_UNGUARDED_AVAILABILITY = YES_AGGRESSIVE;
				CLANG_WARN_UNREACHABLE_CODE = YES;
				CLANG_WARN__DUPLICATE_METHOD_MATCH = YES;
				COPY_PHASE_STRIP = NO;
				DEBUG_INFORMATION_FORMAT = dwarf;
				ENABLE_STRICT_OBJC_MSGSEND = YES;
				ENABLE_TESTABILITY = YES;
				GCC_C_LANGUAGE_STANDARD = gnu11;
				GCC_DYNAMIC_NO_PIC = NO;
				GCC_NO_COMMON_BLOCKS = YES;
				GCC_OPTIMIZATION_LEVEL = 0;
				GCC_PREPROCESSOR_DEFINITIONS = (
					"DEBUG=1",
					"$(inherited)",
				);
				GCC_WARN_64_TO_32_BIT_CONVERSION = YES;
				GCC_WARN_ABOUT_RETURN_TYPE = YES_ERROR;
				GCC_WARN_UNDECLARED_SELECTOR = YES;
				GCC_WARN_UNINITIALIZED_AUTOS = YES_AGGRESSIVE;
				GCC_WARN_UNUSED_FUNCTION = YES;
				GCC_WARN_UNUSED_VARIABLE = YES;
				IPHONEOS_DEPLOYMENT_TARGET = 14.5;
				MTL_ENABLE_DEBUG_INFO = INCLUDE_SOURCE;
				MTL_FAST_MATH = YES;
				ONLY_ACTIVE_ARCH = YES;
				SDKROOT = iphoneos;
				SWIFT_ACTIVE_COMPILATION_CONDITIONS = DEBUG;
				SWIFT_OPTIMIZATION_LEVEL = "-Onone";
			};
			name = Debug;
		};
		735E8B7626AEB786008C898B /* Release */ = {
			isa = XCBuildConfiguration;
			buildSettings = {
				ALWAYS_SEARCH_USER_PATHS = NO;
				CLANG_ANALYZER_NONNULL = YES;
				CLANG_ANALYZER_NUMBER_OBJECT_CONVERSION = YES_AGGRESSIVE;
				CLANG_CXX_LANGUAGE_STANDARD = "gnu++14";
				CLANG_CXX_LIBRARY = "libc++";
				CLANG_ENABLE_MODULES = YES;
				CLANG_ENABLE_OBJC_ARC = YES;
				CLANG_ENABLE_OBJC_WEAK = YES;
				CLANG_WARN_BLOCK_CAPTURE_AUTORELEASING = YES;
				CLANG_WARN_BOOL_CONVERSION = YES;
				CLANG_WARN_COMMA = YES;
				CLANG_WARN_CONSTANT_CONVERSION = YES;
				CLANG_WARN_DEPRECATED_OBJC_IMPLEMENTATIONS = YES;
				CLANG_WARN_DIRECT_OBJC_ISA_USAGE = YES_ERROR;
				CLANG_WARN_DOCUMENTATION_COMMENTS = YES;
				CLANG_WARN_EMPTY_BODY = YES;
				CLANG_WARN_ENUM_CONVERSION = YES;
				CLANG_WARN_INFINITE_RECURSION = YES;
				CLANG_WARN_INT_CONVERSION = YES;
				CLANG_WARN_NON_LITERAL_NULL_CONVERSION = YES;
				CLANG_WARN_OBJC_IMPLICIT_RETAIN_SELF = YES;
				CLANG_WARN_OBJC_LITERAL_CONVERSION = YES;
				CLANG_WARN_OBJC_ROOT_CLASS = YES_ERROR;
				CLANG_WARN_QUOTED_INCLUDE_IN_FRAMEWORK_HEADER = YES;
				CLANG_WARN_RANGE_LOOP_ANALYSIS = YES;
				CLANG_WARN_STRICT_PROTOTYPES = YES;
				CLANG_WARN_SUSPICIOUS_MOVE = YES;
				CLANG_WARN_UNGUARDED_AVAILABILITY = YES_AGGRESSIVE;
				CLANG_WARN_UNREACHABLE_CODE = YES;
				CLANG_WARN__DUPLICATE_METHOD_MATCH = YES;
				COPY_PHASE_STRIP = NO;
				DEBUG_INFORMATION_FORMAT = "dwarf-with-dsym";
				ENABLE_NS_ASSERTIONS = NO;
				ENABLE_STRICT_OBJC_MSGSEND = YES;
				GCC_C_LANGUAGE_STANDARD = gnu11;
				GCC_NO_COMMON_BLOCKS = YES;
				GCC_WARN_64_TO_32_BIT_CONVERSION = YES;
				GCC_WARN_ABOUT_RETURN_TYPE = YES_ERROR;
				GCC_WARN_UNDECLARED_SELECTOR = YES;
				GCC_WARN_UNINITIALIZED_AUTOS = YES_AGGRESSIVE;
				GCC_WARN_UNUSED_FUNCTION = YES;
				GCC_WARN_UNUSED_VARIABLE = YES;
				IPHONEOS_DEPLOYMENT_TARGET = 14.5;
				MTL_ENABLE_DEBUG_INFO = NO;
				MTL_FAST_MATH = YES;
				SDKROOT = iphoneos;
				SWIFT_COMPILATION_MODE = wholemodule;
				SWIFT_OPTIMIZATION_LEVEL = "-O";
				VALIDATE_PRODUCT = YES;
			};
			name = Release;
		};
		735E8B7826AEB786008C898B /* Debug */ = {
			isa = XCBuildConfiguration;
			buildSettings = {
				ASSETCATALOG_COMPILER_APPICON_NAME = AppIcon;
				ASSETCATALOG_COMPILER_GLOBAL_ACCENT_COLOR_NAME = AccentColor;
				CODE_SIGN_STYLE = Automatic;
				INFOPLIST_FILE = CALCULATOR/Info.plist;
				LD_RUNPATH_SEARCH_PATHS = (
					"$(inherited)",
					"@executable_path/Frameworks",
				);
				PRODUCT_BUNDLE_IDENTIFIER = ili.digital.CALCULATOR;
				PRODUCT_NAME = "$(TARGET_NAME)";
				SWIFT_VERSION = 5.0;
				TARGETED_DEVICE_FAMILY = "1,2";
			};
			name = Debug;
		};
		735E8B7926AEB786008C898B /* Release */ = {
			isa = XCBuildConfiguration;
			buildSettings = {
				ASSETCATALOG_COMPILER_APPICON_NAME = AppIcon;
				ASSETCATALOG_COMPILER_GLOBAL_ACCENT_COLOR_NAME = AccentColor;
				CODE_SIGN_STYLE = Automatic;
				INFOPLIST_FILE = CALCULATOR/Info.plist;
				LD_RUNPATH_SEARCH_PATHS = (
					"$(inherited)",
					"@executable_path/Frameworks",
				);
				PRODUCT_BUNDLE_IDENTIFIER = ili.digital.CALCULATOR;
				PRODUCT_NAME = "$(TARGET_NAME)";
				SWIFT_VERSION = 5.0;
				TARGETED_DEVICE_FAMILY = "1,2";
			};
			name = Release;
		};
/* End XCBuildConfiguration section */

/* Begin XCConfigurationList section */
		735E8B5E26AEB785008C898B /* Build configuration list for PBXProject "CALCULATOR" */ = {
			isa = XCConfigurationList;
			buildConfigurations = (
				735E8B7526AEB786008C898B /* Debug */,
				735E8B7626AEB786008C898B /* Release */,
			);
			defaultConfigurationIsVisible = 0;
			defaultConfigurationName = Release;
		};
		735E8B7726AEB786008C898B /* Build configuration list for PBXNativeTarget "CALCULATOR" */ = {
			isa = XCConfigurationList;
			buildConfigurations = (
				735E8B7826AEB786008C898B /* Debug */,
				735E8B7926AEB786008C898B /* Release */,
			);
			defaultConfigurationIsVisible = 0;
			defaultConfigurationName = Release;
		};
/* End XCConfigurationList section */
	};
	rootObject = 735E8B5B26AEB785008C898B /* Project object */;
}
